
Microsoft Visual Studio Solution File, Format Version 12.00
# Visual Studio Version 17
VisualStudioVersion = 17.7.34024.191
MinimumVisualStudioVersion = 10.0.40219.1
Project("{FAE04EC0-301F-11D3-BF4B-00C04F79EFBC}") = "MusicLib", "MusicLib.csproj", "{65280224-3E71-48AF-9D1A-28BF7123FDC1}"
EndProject
Global
	GlobalSection(SolutionConfigurationPlatforms) = preSolution
		Debug|Any CPU = Debug|Any CPU
		Release|Any CPU = Release|Any CPU
	EndGlobalSection
	GlobalSection(ProjectConfigurationPlatforms) = postSolution
		{65280224-3E71-48AF-9D1A-28BF7123FDC1}.Debug|Any CPU.ActiveCfg = Debug|Any CPU
		{65280224-3E71-48AF-9D1A-28BF7123FDC1}.Debug|Any CPU.Build.0 = Debug|Any CPU
		{65280224-3E71-48AF-9D1A-28BF7123FDC1}.Release|Any CPU.ActiveCfg = Release|Any CPU
		{65280224-3E71-48AF-9D1A-28BF7123FDC1}.Release|Any CPU.Build.0 = Release|Any CPU
	EndGlobalSection
	GlobalSection(SolutionProperties) = preSolution
		HideSolutionNode = FALSE
	EndGlobalSection
	GlobalSection(ExtensibilityGlobals) = postSolution
		SolutionGuid = {4D699E6C-EF62-4E09-8193-687346C18CE4}
	EndGlobalSection
EndGlobal
