
Microsoft Visual Studio Solution File, Format Version 12.00
# Visual Studio Version 17
VisualStudioVersion = 17.7.34024.191
MinimumVisualStudioVersion = 10.0.40219.1
Project("{FAE04EC0-301F-11D3-BF4B-00C04F79EFBC}") = "MusicPlayerLib", "MusicPlayerLib.csproj", "{A7FDEC52-88FE-4FB6-A0BA-FCF3502F84C1}"
EndProject
Global
	GlobalSection(SolutionConfigurationPlatforms) = preSolution
		Debug|Any CPU = Debug|Any CPU
		Release|Any CPU = Release|Any CPU
	EndGlobalSection
	GlobalSection(ProjectConfigurationPlatforms) = postSolution
		{A7FDEC52-88FE-4FB6-A0BA-FCF3502F84C1}.Debug|Any CPU.ActiveCfg = Debug|Any CPU
		{A7FDEC52-88FE-4FB6-A0BA-FCF3502F84C1}.Debug|Any CPU.Build.0 = Debug|Any CPU
		{A7FDEC52-88FE-4FB6-A0BA-FCF3502F84C1}.Release|Any CPU.ActiveCfg = Release|Any CPU
		{A7FDEC52-88FE-4FB6-A0BA-FCF3502F84C1}.Release|Any CPU.Build.0 = Release|Any CPU
	EndGlobalSection
	GlobalSection(SolutionProperties) = preSolution
		HideSolutionNode = FALSE
	EndGlobalSection
	GlobalSection(ExtensibilityGlobals) = postSolution
		SolutionGuid = {EFD0EF6E-AE86-4923-8348-784499E62CC9}
	EndGlobalSection
EndGlobal
